// !$*UTF8*$!
{
	archiveVersion = 1;
	classes = {
	};
	objectVersion = 50;
	objects = {

/* Begin PBXBuildFile section */
		BAA6220826448ECC000B307E /* AppDelegate.m in Sources */ = {isa = PBXBuildFile; fileRef = BAA6220726448ECC000B307E /* AppDelegate.m */; };
		BAA6220B26448ECC000B307E /* SceneDelegate.m in Sources */ = {isa = PBXBuildFile; fileRef = BAA6220A26448ECC000B307E /* SceneDelegate.m */; };
		BAA6220E26448ECC000B307E /* ViewController.m in Sources */ = {isa = PBXBuildFile; fileRef = BAA6220D26448ECC000B307E /* ViewController.m */; };
		BAA6221126448ECC000B307E /* Main.storyboard in Resources */ = {isa = PBXBuildFile; fileRef = BAA6220F26448ECC000B307E /* Main.storyboard */; };
		BAA6221326448ED5000B307E /* Assets.xcassets in Resources */ = {isa = PBXBuildFile; fileRef = BAA6221226448ED5000B307E /* Assets.xcassets */; };
		BAA6221626448ED5000B307E /* LaunchScreen.storyboard in Resources */ = {isa = PBXBuildFile; fileRef = BAA6221426448ED5000B307E /* LaunchScreen.storyboard */; };
		BAA6221926448ED5000B307E /* main.m in Sources */ = {isa = PBXBuildFile; fileRef = BAA6221826448ED5000B307E /* main.m */; };
/* End PBXBuildFile section */

/* Begin PBXFileReference section */
		BAA6220326448ECC000B307E /* TaskWeather.app */ = {isa = PBXFileReference; explicitFileType = wrapper.application; includeInIndex = 0; path = TaskWeather.app; sourceTree = BUILT_PRODUCTS_DIR; };
		BAA6220626448ECC000B307E /* AppDelegate.h */ = {isa = PBXFileReference; lastKnownFileType = sourcecode.c.h; path = AppDelegate.h; sourceTree = "<group>"; };
		BAA6220726448ECC000B307E /* AppDelegate.m */ = {isa = PBXFileReference; lastKnownFileType = sourcecode.c.objc; path = AppDelegate.m; sourceTree = "<group>"; };
		BAA6220926448ECC000B307E /* SceneDelegate.h */ = {isa = PBXFileReference; lastKnownFileType = sourcecode.c.h; path = SceneDelegate.h; sourceTree = "<group>"; };
		BAA6220A26448ECC000B307E /* SceneDelegate.m */ = {isa = PBXFileReference; lastKnownFileType = sourcecode.c.objc; path = SceneDelegate.m; sourceTree = "<group>"; };
		BAA6220C26448ECC000B307E /* ViewController.h */ = {isa = PBXFileReference; lastKnownFileType = sourcecode.c.h; path = ViewController.h; sourceTree = "<group>"; };
		BAA6220D26448ECC000B307E /* ViewController.m */ = {isa = PBXFileReference; lastKnownFileType = sourcecode.c.objc; path = ViewController.m; sourceTree = "<group>"; };
		BAA6221026448ECC000B307E /* Base */ = {isa = PBXFileReference; lastKnownFileType = file.storyboard; name = Base; path = Base.lproj/Main.storyboard; sourceTree = "<group>"; };
		BAA6221226448ED5000B307E /* Assets.xcassets */ = {isa = PBXFileReference; lastKnownFileType = folder.assetcatalog; path = Assets.xcassets; sourceTree = "<group>"; };
		BAA6221526448ED5000B307E /* Base */ = {isa = PBXFileReference; lastKnownFileType = file.storyboard; name = Base; path = Base.lproj/LaunchScreen.storyboard; sourceTree = "<group>"; };
		BAA6221726448ED5000B307E /* Info.plist */ = {isa = PBXFileReference; lastKnownFileType = text.plist.xml; path = Info.plist; sourceTree = "<group>"; };
		BAA6221826448ED5000B307E /* main.m */ = {isa = PBXFileReference; lastKnownFileType = sourcecode.c.objc; path = main.m; sourceTree = "<group>"; };
/* End PBXFileReference section */

/* Begin PBXFrameworksBuildPhase section */
		BAA6220026448ECB000B307E /* Frameworks */ = {
			isa = PBXFrameworksBuildPhase;
			buildActionMask = 2147483647;
			files = (
			);
			runOnlyForDeploymentPostprocessing = 0;
		};
/* End PBXFrameworksBuildPhase section */

/* Begin PBXGroup section */
		BAA621FA26448ECB000B307E = {
			isa = PBXGroup;
			children = (
				BAA6220526448ECC000B307E /* TaskWeather */,
				BAA6220426448ECC000B307E /* Products */,
			);
			sourceTree = "<group>";
		};
		BAA6220426448ECC000B307E /* Products */ = {
			isa = PBXGroup;
			children = (
				BAA6220326448ECC000B307E /* TaskWeather.app */,
			);
			name = Products;
			sourceTree = "<group>";
		};
		BAA6220526448ECC000B307E /* TaskWeather */ = {
			isa = PBXGroup;
			children = (
				BAA6220626448ECC000B307E /* AppDelegate.h */,
				BAA6220726448ECC000B307E /* AppDelegate.m */,
				BAA6220926448ECC000B307E /* SceneDelegate.h */,
				BAA6220A26448ECC000B307E /* SceneDelegate.m */,
				BAA6220C26448ECC000B307E /* ViewController.h */,
				BAA6220D26448ECC000B307E /* ViewController.m */,
				BAA6220F26448ECC000B307E /* Main.storyboard */,
				BAA6221226448ED5000B307E /* Assets.xcassets */,
				BAA6221426448ED5000B307E /* LaunchScreen.storyboard */,
				BAA6221726448ED5000B307E /* Info.plist */,
				BAA6221826448ED5000B307E /* main.m */,
			);
			path = TaskWeather;
			sourceTree = "<group>";
		};
/* End PBXGroup section */

/* Begin PBXNativeTarget section */
		BAA6220226448ECB000B307E /* TaskWeather */ = {
			isa = PBXNativeTarget;
			buildConfigurationList = BAA6221C26448ED5000B307E /* Build configuration list for PBXNativeTarget "TaskWeather" */;
			buildPhases = (
				BAA621FF26448ECB000B307E /* Sources */,
				BAA6220026448ECB000B307E /* Frameworks */,
				BAA6220126448ECB000B307E /* Resources */,
			);
			buildRules = (
			);
			dependencies = (
			);
			name = TaskWeather;
			productName = TaskWeather;
			productReference = BAA6220326448ECC000B307E /* TaskWeather.app */;
			productType = "com.apple.product-type.application";
		};
/* End PBXNativeTarget section */

/* Begin PBXProject section */
		BAA621FB26448ECB000B307E /* Project object */ = {
			isa = PBXProject;
			attributes = {
				LastUpgradeCheck = 1240;
				TargetAttributes = {
					BAA6220226448ECB000B307E = {
						CreatedOnToolsVersion = 12.4;
					};
				};
			};
			buildConfigurationList = BAA621FE26448ECB000B307E /* Build configuration list for PBXProject "TaskWeather" */;
			compatibilityVersion = "Xcode 9.3";
			developmentRegion = en;
			hasScannedForEncodings = 0;
			knownRegions = (
				en,
				Base,
			);
			mainGroup = BAA621FA26448ECB000B307E;
			productRefGroup = BAA6220426448ECC000B307E /* Products */;
			projectDirPath = "";
			projectRoot = "";
			targets = (
				BAA6220226448ECB000B307E /* TaskWeather */,
			);
		};
/* End PBXProject section */

/* Begin PBXResourcesBuildPhase section */
		BAA6220126448ECB000B307E /* Resources */ = {
			isa = PBXResourcesBuildPhase;
			buildActionMask = 2147483647;
			files = (
				BAA6221626448ED5000B307E /* LaunchScreen.storyboard in Resources */,
				BAA6221326448ED5000B307E /* Assets.xcassets in Resources */,
				BAA6221126448ECC000B307E /* Main.storyboard in Resources */,
			);
			runOnlyForDeploymentPostprocessing = 0;
		};
/* End PBXResourcesBuildPhase section */

/* Begin PBXSourcesBuildPhase section */
		BAA621FF26448ECB000B307E /* Sources */ = {
			isa = PBXSourcesBuildPhase;
			buildActionMask = 2147483647;
			files = (
				BAA6220E26448ECC000B307E /* ViewController.m in Sources */,
				BAA6220826448ECC000B307E /* AppDelegate.m in Sources */,
				BAA6221926448ED5000B307E /* main.m in Sources */,
				BAA6220B26448ECC000B307E /* SceneDelegate.m in Sources */,
			);
			runOnlyForDeploymentPostprocessing = 0;
		};
/* End PBXSourcesBuildPhase section */

/* Begin PBXVariantGroup section */
		BAA6220F26448ECC000B307E /* Main.storyboard */ = {
			isa = PBXVariantGroup;
			children = (
				BAA6221026448ECC000B307E /* Base */,
			);
			name = Main.storyboard;
			sourceTree = "<group>";
		};
		BAA6221426448ED5000B307E /* LaunchScreen.storyboard */ = {
			isa = PBXVariantGroup;
			children = (
				BAA6221526448ED5000B307E /* Base */,
			);
			name = LaunchScreen.storyboard;
			sourceTree = "<group>";
		};
/* End PBXVariantGroup section */

/* Begin XCBuildConfiguration section */
		BAA6221A26448ED5000B307E /* Debug */ = {
			isa = XCBuildConfiguration;
			buildSettings = {
				ALWAYS_SEARCH_USER_PATHS = NO;
				CLANG_ANALYZER_NONNULL = YES;
				CLANG_ANALYZER_NUMBER_OBJECT_CONVERSION = YES_AGGRESSIVE;
				CLANG_CXX_LANGUAGE_STANDARD = "gnu++14";
				CLANG_CXX_LIBRARY = "libc++";
				CLANG_ENABLE_MODULES = YES;
				CLANG_ENABLE_OBJC_ARC = YES;
				CLANG_ENABLE_OBJC_WEAK = YES;
				CLANG_WARN_BLOCK_CAPTURE_AUTORELEASING = YES;
				CLANG_WARN_BOOL_CONVERSION = YES;
				CLANG_WARN_COMMA = YES;
				CLANG_WARN_CONSTANT_CONVERSION = YES;
				CLANG_WARN_DEPRECATED_OBJC_IMPLEMENTATIONS = YES;
				CLANG_WARN_DIRECT_OBJC_ISA_USAGE = YES_ERROR;
				CLANG_WARN_DOCUMENTATION_COMMENTS = YES;
				CLANG_WARN_EMPTY_BODY = YES;
				CLANG_WARN_ENUM_CONVERSION = YES;
				CLANG_WARN_INFINITE_RECURSION = YES;
				CLANG_WARN_INT_CONVERSION = YES;
				CLANG_WARN_NON_LITERAL_NULL_CONVERSION = YES;
				CLANG_WARN_OBJC_IMPLICIT_RETAIN_SELF = YES;
				CLANG_WARN_OBJC_LITERAL_CONVERSION = YES;
				CLANG_WARN_OBJC_ROOT_CLASS = YES_ERROR;
				CLANG_WARN_QUOTED_INCLUDE_IN_FRAMEWORK_HEADER = YES;
				CLANG_WARN_RANGE_LOOP_ANALYSIS = YES;
				CLANG_WARN_STRICT_PROTOTYPES = YES;
				CLANG_WARN_SUSPICIOUS_MOVE = YES;
				CLANG_WARN_UNGUARDED_AVAILABILITY = YES_AGGRESSIVE;
				CLANG_WARN_UNREACHABLE_CODE = YES;
				CLANG_WARN__DUPLICATE_METHOD_MATCH = YES;
				COPY_PHASE_STRIP = NO;
				DEBUG_INFORMATION_FORMAT = dwarf;
				ENABLE_STRICT_OBJC_MSGSEND = YES;
				ENABLE_TESTABILITY = YES;
				GCC_C_LANGUAGE_STANDARD = gnu11;
				GCC_DYNAMIC_NO_PIC = NO;
				GCC_NO_COMMON_BLOCKS = YES;
				GCC_OPTIMIZATION_LEVEL = 0;
				GCC_PREPROCESSOR_DEFINITIONS = (
					"DEBUG=1",
					"$(inherited)",
				);
				GCC_WARN_64_TO_32_BIT_CONVERSION = YES;
				GCC_WARN_ABOUT_RETURN_TYPE = YES_ERROR;
				GCC_WARN_UNDECLARED_SELECTOR = YES;
				GCC_WARN_UNINITIALIZED_AUTOS = YES_AGGRESSIVE;
				GCC_WARN_UNUSED_FUNCTION = YES;
				GCC_WARN_UNUSED_VARIABLE = YES;
				IPHONEOS_DEPLOYMENT_TARGET = 14.4;
				MTL_ENABLE_DEBUG_INFO = INCLUDE_SOURCE;
				MTL_FAST_MATH = YES;
				ONLY_ACTIVE_ARCH = YES;
				SDKROOT = iphoneos;
			};
			name = Debug;
		};
		BAA6221B26448ED5000B307E /* Release */ = {
			isa = XCBuildConfiguration;
			buildSettings = {
				ALWAYS_SEARCH_USER_PATHS = NO;
				CLANG_ANALYZER_NONNULL = YES;
				CLANG_ANALYZER_NUMBER_OBJECT_CONVERSION = YES_AGGRESSIVE;
				CLANG_CXX_LANGUAGE_STANDARD = "gnu++14";
				CLANG_CXX_LIBRARY = "libc++";
				CLANG_ENABLE_MODULES = YES;
				CLANG_ENABLE_OBJC_ARC = YES;
				CLANG_ENABLE_OBJC_WEAK = YES;
				CLANG_WARN_BLOCK_CAPTURE_AUTORELEASING = YES;
				CLANG_WARN_BOOL_CONVERSION = YES;
				CLANG_WARN_COMMA = YES;
				CLANG_WARN_CONSTANT_CONVERSION = YES;
				CLANG_WARN_DEPRECATED_OBJC_IMPLEMENTATIONS = YES;
				CLANG_WARN_DIRECT_OBJC_ISA_USAGE = YES_ERROR;
				CLANG_WARN_DOCUMENTATION_COMMENTS = YES;
				CLANG_WARN_EMPTY_BODY = YES;
				CLANG_WARN_ENUM_CONVERSION = YES;
				CLANG_WARN_INFINITE_RECURSION = YES;
				CLANG_WARN_INT_CONVERSION = YES;
				CLANG_WARN_NON_LITERAL_NULL_CONVERSION = YES;
				CLANG_WARN_OBJC_IMPLICIT_RETAIN_SELF = YES;
				CLANG_WARN_OBJC_LITERAL_CONVERSION = YES;
				CLANG_WARN_OBJC_ROOT_CLASS = YES_ERROR;
				CLANG_WARN_QUOTED_INCLUDE_IN_FRAMEWORK_HEADER = YES;
				CLANG_WARN_RANGE_LOOP_ANALYSIS = YES;
				CLANG_WARN_STRICT_PROTOTYPES = YES;
				CLANG_WARN_SUSPICIOUS_MOVE = YES;
				CLANG_WARN_UNGUARDED_AVAILABILITY = YES_AGGRESSIVE;
				CLANG_WARN_UNREACHABLE_CODE = YES;
				CLANG_WARN__DUPLICATE_METHOD_MATCH = YES;
				COPY_PHASE_STRIP = NO;
				DEBUG_INFORMATION_FORMAT = "dwarf-with-dsym";
				ENABLE_NS_ASSERTIONS = NO;
				ENABLE_STRICT_OBJC_MSGSEND = YES;
				GCC_C_LANGUAGE_STANDARD = gnu11;
				GCC_NO_COMMON_BLOCKS = YES;
				GCC_WARN_64_TO_32_BIT_CONVERSION = YES;
				GCC_WARN_ABOUT_RETURN_TYPE = YES_ERROR;
				GCC_WARN_UNDECLARED_SELECTOR = YES;
				GCC_WARN_UNINITIALIZED_AUTOS = YES_AGGRESSIVE;
				GCC_WARN_UNUSED_FUNCTION = YES;
				GCC_WARN_UNUSED_VARIABLE = YES;
				IPHONEOS_DEPLOYMENT_TARGET = 14.4;
				MTL_ENABLE_DEBUG_INFO = NO;
				MTL_FAST_MATH = YES;
				SDKROOT = iphoneos;
				VALIDATE_PRODUCT = YES;
			};
			name = Release;
		};
		BAA6221D26448ED5000B307E /* Debug */ = {
			isa = XCBuildConfiguration;
			buildSettings = {
				ASSETCATALOG_COMPILER_APPICON_NAME = AppIcon;
				ASSETCATALOG_COMPILER_GLOBAL_ACCENT_COLOR_NAME = AccentColor;
				CODE_SIGN_STYLE = Automatic;
				DEVELOPMENT_TEAM = 3N22CV4D57;
				INFOPLIST_FILE = TaskWeather/Info.plist;
				LD_RUNPATH_SEARCH_PATHS = (
					"$(inherited)",
					"@executable_path/Frameworks",
				);
				PRODUCT_BUNDLE_IDENTIFIER = "Daniil-Nikonchik-Personal-App-.TaskWeather";
				PRODUCT_NAME = "$(TARGET_NAME)";
				TARGETED_DEVICE_FAMILY = "1,2";
			};
			name = Debug;
		};
		BAA6221E26448ED5000B307E /* Release */ = {
			isa = XCBuildConfiguration;
			buildSettings = {
				ASSETCATALOG_COMPILER_APPICON_NAME = AppIcon;
				ASSETCATALOG_COMPILER_GLOBAL_ACCENT_COLOR_NAME = AccentColor;
				CODE_SIGN_STYLE = Automatic;
				DEVELOPMENT_TEAM = 3N22CV4D57;
				INFOPLIST_FILE = TaskWeather/Info.plist;
				LD_RUNPATH_SEARCH_PATHS = (
					"$(inherited)",
					"@executable_path/Frameworks",
				);
				PRODUCT_BUNDLE_IDENTIFIER = "Daniil-Nikonchik-Personal-App-.TaskWeather";
				PRODUCT_NAME = "$(TARGET_NAME)";
				TARGETED_DEVICE_FAMILY = "1,2";
			};
			name = Release;
		};
/* End XCBuildConfiguration section */

/* Begin XCConfigurationList section */
		BAA621FE26448ECB000B307E /* Build configuration list for PBXProject "TaskWeather" */ = {
			isa = XCConfigurationList;
			buildConfigurations = (
				BAA6221A26448ED5000B307E /* Debug */,
				BAA6221B26448ED5000B307E /* Release */,
			);
			defaultConfigurationIsVisible = 0;
			defaultConfigurationName = Release;
		};
		BAA6221C26448ED5000B307E /* Build configuration list for PBXNativeTarget "TaskWeather" */ = {
			isa = XCConfigurationList;
			buildConfigurations = (
				BAA6221D26448ED5000B307E /* Debug */,
				BAA6221E26448ED5000B307E /* Release */,
			);
			defaultConfigurationIsVisible = 0;
			defaultConfigurationName = Release;
		};
/* End XCConfigurationList section */
	};
	rootObject = BAA621FB26448ECB000B307E /* Project object */;
}
